// !$*UTF8*$!
{
	archiveVersion = 1;
	classes = {
	};
	objectVersion = 48;
	objects = {

/* Begin PBXBuildFile section */
		0C21F325203D111700383337 /* libfreetype.a in Frameworks */ = {isa = PBXBuildFile; fileRef = 0C21F324203D111700383337 /* libfreetype.a */; };
		0C2961602031E383009A1145 /* debugShader.fs in CopyFiles */ = {isa = PBXBuildFile; fileRef = 0C29615E2031DDF6009A1145 /* debugShader.fs */; };
		0C2961612031E383009A1145 /* debugShader.vs in CopyFiles */ = {isa = PBXBuildFile; fileRef = 0C29615F2031DDF6009A1145 /* debugShader.vs */; };
		0C40A8C72030B3CA00314A71 /* shader.cpp in Sources */ = {isa = PBXBuildFile; fileRef = 0C40A8C62030B3CA00314A71 /* shader.cpp */; };
		0C703CDD2034D2A600FFBF49 /* texture.cpp in Sources */ = {isa = PBXBuildFile; fileRef = 0C703CDC2034D2A600FFBF49 /* texture.cpp */; };
		0C703CE02034E20A00FFBF49 /* bricks.jpg in CopyFiles */ = {isa = PBXBuildFile; fileRef = 0C703CDF2034E1EF00FFBF49 /* bricks.jpg */; };
		0C93A7D0203018CE00FCCDDD /* display.cpp in Sources */ = {isa = PBXBuildFile; fileRef = 0C93A7CF203018CE00FCCDDD /* display.cpp */; };
		0C93A7D320301AC000FCCDDD /* OpenGL.framework in Frameworks */ = {isa = PBXBuildFile; fileRef = 0C93A7D220301AC000FCCDDD /* OpenGL.framework */; };
		0C93A7D520301C3D00FCCDDD /* libGLEW.a in Frameworks */ = {isa = PBXBuildFile; fileRef = 0C93A7D420301C3D00FCCDDD /* libGLEW.a */; };
		0C93A7D720301C5200FCCDDD /* libSDL2.a in Frameworks */ = {isa = PBXBuildFile; fileRef = 0C93A7D620301C5200FCCDDD /* libSDL2.a */; };
		0C93A7DB20301EED00FCCDDD /* AudioToolbox.framework in Frameworks */ = {isa = PBXBuildFile; fileRef = 0C93A7DA20301EED00FCCDDD /* AudioToolbox.framework */; };
		0C93A7DD20301F5300FCCDDD /* Cocoa.framework in Frameworks */ = {isa = PBXBuildFile; fileRef = 0C93A7DC20301F5300FCCDDD /* Cocoa.framework */; };
		0C93A7DF20301F8D00FCCDDD /* CoreVideo.framework in Frameworks */ = {isa = PBXBuildFile; fileRef = 0C93A7DE20301F8D00FCCDDD /* CoreVideo.framework */; };
		0C93A7E120301FB500FCCDDD /* ForceFeedback.framework in Frameworks */ = {isa = PBXBuildFile; fileRef = 0C93A7E020301FB500FCCDDD /* ForceFeedback.framework */; };
		0C93A7E32030200300FCCDDD /* IOKit.framework in Frameworks */ = {isa = PBXBuildFile; fileRef = 0C93A7E22030200300FCCDDD /* IOKit.framework */; };
		0C93A7E52030222700FCCDDD /* libiconv.tbd in Frameworks */ = {isa = PBXBuildFile; fileRef = 0C93A7E42030222700FCCDDD /* libiconv.tbd */; };
		0C93A7E72030227F00FCCDDD /* Carbon.framework in Frameworks */ = {isa = PBXBuildFile; fileRef = 0C93A7E62030227F00FCCDDD /* Carbon.framework */; };
		0C9F96A62034905100386F8D /* cone.cpp in Sources */ = {isa = PBXBuildFile; fileRef = 0C9F96A52034905100386F8D /* cone.cpp */; };
		0CA4D1AB2036A4F100873414 /* doritos.jpg in CopyFiles */ = {isa = PBXBuildFile; fileRef = 0CA4D1AA2036A4DA00873414 /* doritos.jpg */; };
		0CA5477B203088790065F0BE /* main.cpp in Sources */ = {isa = PBXBuildFile; fileRef = 0CA5477A203088790065F0BE /* main.cpp */; };
		0CAFDBC82030C36A0074AB4E /* basicShader.vs in CopyFiles */ = {isa = PBXBuildFile; fileRef = 0CAFDBC62030C17A0074AB4E /* basicShader.vs */; };
		0CAFDBC92030C3700074AB4E /* basicShader.fs in CopyFiles */ = {isa = PBXBuildFile; fileRef = 0CAFDBC72030C1AB0074AB4E /* basicShader.fs */; };
		0CAFDBCB2030C9EC0074AB4E /* mesh.cpp in Sources */ = {isa = PBXBuildFile; fileRef = 0CAFDBCA2030C9EC0074AB4E /* mesh.cpp */; };
		0CC6162620370C1C007DD4C5 /* obj_loader.cpp in Sources */ = {isa = PBXBuildFile; fileRef = 0CC6162520370C1C007DD4C5 /* obj_loader.cpp */; };
		0CC6162B203713A1007DD4C5 /* monkey3.obj in CopyFiles */ = {isa = PBXBuildFile; fileRef = 0CC6162A20371379007DD4C5 /* monkey3.obj */; };
		0CE4F444203EF8020014F1B6 /* CoreAudio.framework in Frameworks */ = {isa = PBXBuildFile; fileRef = 0C93A7D820301CE500FCCDDD /* CoreAudio.framework */; };
		0CEC6F592035EAE6008BE2B8 /* altShader.fs in CopyFiles */ = {isa = PBXBuildFile; fileRef = 0CEC6F582035EAA2008BE2B8 /* altShader.fs */; };
		0CEC6F5A2035EAE6008BE2B8 /* altShader.vs in CopyFiles */ = {isa = PBXBuildFile; fileRef = 0CEC6F572035EAA1008BE2B8 /* altShader.vs */; };
		0CF6FBD7203121FB00CC0E13 /* gldebug.cpp in Sources */ = {isa = PBXBuildFile; fileRef = 0CF6FBD6203121FB00CC0E13 /* gldebug.cpp */; };
/* End PBXBuildFile section */

/* Begin PBXCopyFilesBuildPhase section */
		0C781B4D20300BB90000131F /* CopyFiles */ = {
			isa = PBXCopyFilesBuildPhase;
			buildActionMask = 12;
			dstPath = Resources;
			dstSubfolderSpec = 6;
			files = (
				0CC6162B203713A1007DD4C5 /* monkey3.obj in CopyFiles */,
				0CA4D1AB2036A4F100873414 /* doritos.jpg in CopyFiles */,
				0CEC6F592035EAE6008BE2B8 /* altShader.fs in CopyFiles */,
				0CEC6F5A2035EAE6008BE2B8 /* altShader.vs in CopyFiles */,
				0C703CE02034E20A00FFBF49 /* bricks.jpg in CopyFiles */,
				0C2961602031E383009A1145 /* debugShader.fs in CopyFiles */,
				0C2961612031E383009A1145 /* debugShader.vs in CopyFiles */,
				0CAFDBC92030C3700074AB4E /* basicShader.fs in CopyFiles */,
				0CAFDBC82030C36A0074AB4E /* basicShader.vs in CopyFiles */,
			);
			runOnlyForDeploymentPostprocessing = 0;
		};
/* End PBXCopyFilesBuildPhase section */

/* Begin PBXFileReference section */
		0C21F322203D0F9B00383337 /* SDL2_ttf.framework */ = {isa = PBXFileReference; lastKnownFileType = wrapper.framework; name = SDL2_ttf.framework; path = ../../../../Library/Frameworks/SDL2_ttf.framework; sourceTree = "<group>"; };
		0C21F324203D111700383337 /* libfreetype.a */ = {isa = PBXFileReference; lastKnownFileType = archive.ar; name = libfreetype.a; path = "../opengl-tutorial-tbb-dependencies/lib/libfreetype.a"; sourceTree = "<group>"; };
		0C29615E2031DDF6009A1145 /* debugShader.fs */ = {isa = PBXFileReference; fileEncoding = 4; lastKnownFileType = sourcecode.glsl; path = debugShader.fs; sourceTree = "<group>"; };
		0C29615F2031DDF6009A1145 /* debugShader.vs */ = {isa = PBXFileReference; fileEncoding = 4; lastKnownFileType = sourcecode.glsl; path = debugShader.vs; sourceTree = "<group>"; };
		0C40A8C62030B3CA00314A71 /* shader.cpp */ = {isa = PBXFileReference; lastKnownFileType = sourcecode.cpp.cpp; path = shader.cpp; sourceTree = "<group>"; };
		0C40A8C82030B4F000314A71 /* shader.h */ = {isa = PBXFileReference; lastKnownFileType = sourcecode.c.h; path = shader.h; sourceTree = "<group>"; };
		0C703CDC2034D2A600FFBF49 /* texture.cpp */ = {isa = PBXFileReference; lastKnownFileType = sourcecode.cpp.cpp; path = texture.cpp; sourceTree = "<group>"; };
		0C703CDE2034D36000FFBF49 /* texture.h */ = {isa = PBXFileReference; lastKnownFileType = sourcecode.c.h; path = texture.h; sourceTree = "<group>"; };
		0C703CDF2034E1EF00FFBF49 /* bricks.jpg */ = {isa = PBXFileReference; lastKnownFileType = image.jpeg; path = bricks.jpg; sourceTree = "<group>"; };
		0C781B4F20300BB90000131F /* opengl-tutorial-tbb */ = {isa = PBXFileReference; explicitFileType = "compiled.mach-o.executable"; includeInIndex = 0; path = "opengl-tutorial-tbb"; sourceTree = BUILT_PRODUCTS_DIR; };
		0C93A7CE203018CE00FCCDDD /* display.h */ = {isa = PBXFileReference; lastKnownFileType = sourcecode.c.h; path = display.h; sourceTree = "<group>"; };
		0C93A7CF203018CE00FCCDDD /* display.cpp */ = {isa = PBXFileReference; lastKnownFileType = sourcecode.cpp.cpp; path = display.cpp; sourceTree = "<group>"; };
		0C93A7D220301AC000FCCDDD /* OpenGL.framework */ = {isa = PBXFileReference; lastKnownFileType = wrapper.framework; name = OpenGL.framework; path = System/Library/Frameworks/OpenGL.framework; sourceTree = SDKROOT; };
		0C93A7D420301C3D00FCCDDD /* libGLEW.a */ = {isa = PBXFileReference; lastKnownFileType = archive.ar; name = libGLEW.a; path = "../opengl-tutorial-tbb-dependencies/lib/libGLEW.a"; sourceTree = "<group>"; };
		0C93A7D620301C5200FCCDDD /* libSDL2.a */ = {isa = PBXFileReference; lastKnownFileType = archive.ar; name = libSDL2.a; path = "../opengl-tutorial-tbb-dependencies/lib/libSDL2.a"; sourceTree = "<group>"; };
		0C93A7D820301CE500FCCDDD /* CoreAudio.framework */ = {isa = PBXFileReference; lastKnownFileType = wrapper.framework; name = CoreAudio.framework; path = System/Library/Frameworks/CoreAudio.framework; sourceTree = SDKROOT; };
		0C93A7DA20301EED00FCCDDD /* AudioToolbox.framework */ = {isa = PBXFileReference; lastKnownFileType = wrapper.framework; name = AudioToolbox.framework; path = System/Library/Frameworks/AudioToolbox.framework; sourceTree = SDKROOT; };
		0C93A7DC20301F5300FCCDDD /* Cocoa.framework */ = {isa = PBXFileReference; lastKnownFileType = wrapper.framework; name = Cocoa.framework; path = System/Library/Frameworks/Cocoa.framework; sourceTree = SDKROOT; };
		0C93A7DE20301F8D00FCCDDD /* CoreVideo.framework */ = {isa = PBXFileReference; lastKnownFileType = wrapper.framework; name = CoreVideo.framework; path = System/Library/Frameworks/CoreVideo.framework; sourceTree = SDKROOT; };
		0C93A7E020301FB500FCCDDD /* ForceFeedback.framework */ = {isa = PBXFileReference; lastKnownFileType = wrapper.framework; name = ForceFeedback.framework; path = System/Library/Frameworks/ForceFeedback.framework; sourceTree = SDKROOT; };
		0C93A7E22030200300FCCDDD /* IOKit.framework */ = {isa = PBXFileReference; lastKnownFileType = wrapper.framework; name = IOKit.framework; path = System/Library/Frameworks/IOKit.framework; sourceTree = SDKROOT; };
		0C93A7E42030222700FCCDDD /* libiconv.tbd */ = {isa = PBXFileReference; lastKnownFileType = "sourcecode.text-based-dylib-definition"; name = libiconv.tbd; path = usr/lib/libiconv.tbd; sourceTree = SDKROOT; };
		0C93A7E62030227F00FCCDDD /* Carbon.framework */ = {isa = PBXFileReference; lastKnownFileType = wrapper.framework; name = Carbon.framework; path = System/Library/Frameworks/Carbon.framework; sourceTree = SDKROOT; };
		0C9F96A52034905100386F8D /* cone.cpp */ = {isa = PBXFileReference; fileEncoding = 4; lastKnownFileType = sourcecode.cpp.cpp; path = cone.cpp; sourceTree = "<group>"; };
		0C9F96A72034905900386F8D /* cone.h */ = {isa = PBXFileReference; fileEncoding = 4; lastKnownFileType = sourcecode.c.h; path = cone.h; sourceTree = "<group>"; };
		0CA4D1A920369A4D00873414 /* camera.h */ = {isa = PBXFileReference; lastKnownFileType = sourcecode.c.h; path = camera.h; sourceTree = "<group>"; };
		0CA4D1AA2036A4DA00873414 /* doritos.jpg */ = {isa = PBXFileReference; lastKnownFileType = image.jpeg; path = doritos.jpg; sourceTree = "<group>"; };
		0CA5477A203088790065F0BE /* main.cpp */ = {isa = PBXFileReference; fileEncoding = 4; lastKnownFileType = sourcecode.cpp.cpp; path = main.cpp; sourceTree = "<group>"; };
		0CAFDBC62030C17A0074AB4E /* basicShader.vs */ = {isa = PBXFileReference; lastKnownFileType = sourcecode.glsl; path = basicShader.vs; sourceTree = "<group>"; };
		0CAFDBC72030C1AB0074AB4E /* basicShader.fs */ = {isa = PBXFileReference; lastKnownFileType = sourcecode.glsl; path = basicShader.fs; sourceTree = "<group>"; };
		0CAFDBCA2030C9EC0074AB4E /* mesh.cpp */ = {isa = PBXFileReference; lastKnownFileType = sourcecode.cpp.cpp; path = mesh.cpp; sourceTree = "<group>"; };
		0CAFDBCC2030CA1E0074AB4E /* mesh.h */ = {isa = PBXFileReference; lastKnownFileType = sourcecode.c.h; path = mesh.h; sourceTree = "<group>"; };
		0CC6162520370C1C007DD4C5 /* obj_loader.cpp */ = {isa = PBXFileReference; lastKnownFileType = sourcecode.cpp.cpp; path = obj_loader.cpp; sourceTree = "<group>"; };
		0CC6162720370C3B007DD4C5 /* obj_loader.h */ = {isa = PBXFileReference; lastKnownFileType = sourcecode.c.h; path = obj_loader.h; sourceTree = "<group>"; };
		0CC6162A20371379007DD4C5 /* monkey3.obj */ = {isa = PBXFileReference; fileEncoding = 4; lastKnownFileType = text; path = monkey3.obj; sourceTree = "<group>"; };
		0CDC37932036174400F421A7 /* transform.h */ = {isa = PBXFileReference; lastKnownFileType = sourcecode.c.h; path = transform.h; sourceTree = "<group>"; };
		0CEC6F572035EAA1008BE2B8 /* altShader.vs */ = {isa = PBXFileReference; fileEncoding = 4; lastKnownFileType = sourcecode.glsl; path = altShader.vs; sourceTree = "<group>"; };
		0CEC6F582035EAA2008BE2B8 /* altShader.fs */ = {isa = PBXFileReference; fileEncoding = 4; lastKnownFileType = sourcecode.glsl; path = altShader.fs; sourceTree = "<group>"; };
		0CF6FBD6203121FB00CC0E13 /* gldebug.cpp */ = {isa = PBXFileReference; lastKnownFileType = sourcecode.cpp.cpp; path = gldebug.cpp; sourceTree = "<group>"; };
		0CF6FBD8203122EF00CC0E13 /* gldebug.h */ = {isa = PBXFileReference; lastKnownFileType = sourcecode.c.h; path = gldebug.h; sourceTree = "<group>"; };
/* End PBXFileReference section */

/* Begin PBXFrameworksBuildPhase section */
		0C781B4C20300BB90000131F /* Frameworks */ = {
			isa = PBXFrameworksBuildPhase;
			buildActionMask = 2147483647;
			files = (
				0CE4F444203EF8020014F1B6 /* CoreAudio.framework in Frameworks */,
				0C93A7E72030227F00FCCDDD /* Carbon.framework in Frameworks */,
				0C93A7E32030200300FCCDDD /* IOKit.framework in Frameworks */,
				0C93A7E120301FB500FCCDDD /* ForceFeedback.framework in Frameworks */,
				0C93A7DF20301F8D00FCCDDD /* CoreVideo.framework in Frameworks */,
				0C93A7DD20301F5300FCCDDD /* Cocoa.framework in Frameworks */,
				0C93A7DB20301EED00FCCDDD /* AudioToolbox.framework in Frameworks */,
				0C93A7E52030222700FCCDDD /* libiconv.tbd in Frameworks */,
				0C93A7D320301AC000FCCDDD /* OpenGL.framework in Frameworks */,
				0C93A7D720301C5200FCCDDD /* libSDL2.a in Frameworks */,
				0C93A7D520301C3D00FCCDDD /* libGLEW.a in Frameworks */,
				0C21F325203D111700383337 /* libfreetype.a in Frameworks */,
			);
			runOnlyForDeploymentPostprocessing = 0;
		};
/* End PBXFrameworksBuildPhase section */

/* Begin PBXGroup section */
		0C781B4620300BB90000131F = {
			isa = PBXGroup;
			children = (
				0CAFDBC52030C0DE0074AB4E /* Resources */,
				0C781B5120300BB90000131F /* opengl-tutorial-tbb */,
				0C781B5020300BB90000131F /* Products */,
				0C93A7D120301ABF00FCCDDD /* Frameworks */,
			);
			sourceTree = "<group>";
		};
		0C781B5020300BB90000131F /* Products */ = {
			isa = PBXGroup;
			children = (
				0C781B4F20300BB90000131F /* opengl-tutorial-tbb */,
			);
			name = Products;
			sourceTree = "<group>";
		};
		0C781B5120300BB90000131F /* opengl-tutorial-tbb */ = {
			isa = PBXGroup;
			children = (
				0CA5477A203088790065F0BE /* main.cpp */,
				0C93A7CE203018CE00FCCDDD /* display.h */,
				0C93A7CF203018CE00FCCDDD /* display.cpp */,
				0CA4D1A920369A4D00873414 /* camera.h */,
				0C40A8C82030B4F000314A71 /* shader.h */,
				0C40A8C62030B3CA00314A71 /* shader.cpp */,
				0C703CDE2034D36000FFBF49 /* texture.h */,
				0C703CDC2034D2A600FFBF49 /* texture.cpp */,
				0CAFDBCC2030CA1E0074AB4E /* mesh.h */,
				0CAFDBCA2030C9EC0074AB4E /* mesh.cpp */,
				0CDC37932036174400F421A7 /* transform.h */,
				0CF6FBD8203122EF00CC0E13 /* gldebug.h */,
				0CF6FBD6203121FB00CC0E13 /* gldebug.cpp */,
				0C9F96A72034905900386F8D /* cone.h */,
				0C9F96A52034905100386F8D /* cone.cpp */,
				0CC6162520370C1C007DD4C5 /* obj_loader.cpp */,
				0CC6162720370C3B007DD4C5 /* obj_loader.h */,
			);
			path = "opengl-tutorial-tbb";
			sourceTree = "<group>";
		};
		0C93A7D120301ABF00FCCDDD /* Frameworks */ = {
			isa = PBXGroup;
			children = (
				0C21F324203D111700383337 /* libfreetype.a */,
				0C21F322203D0F9B00383337 /* SDL2_ttf.framework */,
				0C93A7E62030227F00FCCDDD /* Carbon.framework */,
				0C93A7E42030222700FCCDDD /* libiconv.tbd */,
				0C93A7E22030200300FCCDDD /* IOKit.framework */,
				0C93A7E020301FB500FCCDDD /* ForceFeedback.framework */,
				0C93A7DE20301F8D00FCCDDD /* CoreVideo.framework */,
				0C93A7DC20301F5300FCCDDD /* Cocoa.framework */,
				0C93A7DA20301EED00FCCDDD /* AudioToolbox.framework */,
				0C93A7D820301CE500FCCDDD /* CoreAudio.framework */,
				0C93A7D620301C5200FCCDDD /* libSDL2.a */,
				0C93A7D420301C3D00FCCDDD /* libGLEW.a */,
				0C93A7D220301AC000FCCDDD /* OpenGL.framework */,
			);
			name = Frameworks;
			sourceTree = "<group>";
		};
		0CAFDBC52030C0DE0074AB4E /* Resources */ = {
			isa = PBXGroup;
			children = (
				0CC6162A20371379007DD4C5 /* monkey3.obj */,
				0CA4D1AA2036A4DA00873414 /* doritos.jpg */,
				0CEC6F582035EAA2008BE2B8 /* altShader.fs */,
				0CEC6F572035EAA1008BE2B8 /* altShader.vs */,
				0C703CDF2034E1EF00FFBF49 /* bricks.jpg */,
				0C29615E2031DDF6009A1145 /* debugShader.fs */,
				0C29615F2031DDF6009A1145 /* debugShader.vs */,
				0CAFDBC62030C17A0074AB4E /* basicShader.vs */,
				0CAFDBC72030C1AB0074AB4E /* basicShader.fs */,
			);
			path = Resources;
			sourceTree = "<group>";
		};
/* End PBXGroup section */

/* Begin PBXNativeTarget section */
		0C781B4E20300BB90000131F /* opengl-tutorial-tbb */ = {
			isa = PBXNativeTarget;
			buildConfigurationList = 0C781B5620300BB90000131F /* Build configuration list for PBXNativeTarget "opengl-tutorial-tbb" */;
			buildPhases = (
				0C781B4B20300BB90000131F /* Sources */,
				0C781B4C20300BB90000131F /* Frameworks */,
				0C781B4D20300BB90000131F /* CopyFiles */,
			);
			buildRules = (
			);
			dependencies = (
			);
			name = "opengl-tutorial-tbb";
			productName = "opengl-tutorial-tbb";
			productReference = 0C781B4F20300BB90000131F /* opengl-tutorial-tbb */;
			productType = "com.apple.product-type.tool";
		};
/* End PBXNativeTarget section */

/* Begin PBXProject section */
		0C781B4720300BB90000131F /* Project object */ = {
			isa = PBXProject;
			attributes = {
				LastUpgradeCheck = 0920;
				ORGANIZATIONNAME = zenglenn42;
				TargetAttributes = {
					0C781B4E20300BB90000131F = {
						CreatedOnToolsVersion = 9.2;
						ProvisioningStyle = Automatic;
					};
				};
			};
			buildConfigurationList = 0C781B4A20300BB90000131F /* Build configuration list for PBXProject "opengl-tutorial-tbb" */;
			compatibilityVersion = "Xcode 8.0";
			developmentRegion = en;
			hasScannedForEncodings = 0;
			knownRegions = (
				en,
			);
			mainGroup = 0C781B4620300BB90000131F;
			productRefGroup = 0C781B5020300BB90000131F /* Products */;
			projectDirPath = "";
			projectRoot = "";
			targets = (
				0C781B4E20300BB90000131F /* opengl-tutorial-tbb */,
			);
		};
/* End PBXProject section */

/* Begin PBXSourcesBuildPhase section */
		0C781B4B20300BB90000131F /* Sources */ = {
			isa = PBXSourcesBuildPhase;
			buildActionMask = 2147483647;
			files = (
				0CC6162620370C1C007DD4C5 /* obj_loader.cpp in Sources */,
				0C40A8C72030B3CA00314A71 /* shader.cpp in Sources */,
				0C93A7D0203018CE00FCCDDD /* display.cpp in Sources */,
				0C9F96A62034905100386F8D /* cone.cpp in Sources */,
				0CAFDBCB2030C9EC0074AB4E /* mesh.cpp in Sources */,
				0C703CDD2034D2A600FFBF49 /* texture.cpp in Sources */,
				0CA5477B203088790065F0BE /* main.cpp in Sources */,
				0CF6FBD7203121FB00CC0E13 /* gldebug.cpp in Sources */,
			);
			runOnlyForDeploymentPostprocessing = 0;
		};
/* End PBXSourcesBuildPhase section */

/* Begin XCBuildConfiguration section */
		0C781B5420300BB90000131F /* Debug */ = {
			isa = XCBuildConfiguration;
			buildSettings = {
				ALWAYS_SEARCH_USER_PATHS = NO;
				CLANG_ANALYZER_NONNULL = YES;
				CLANG_ANALYZER_NUMBER_OBJECT_CONVERSION = YES_AGGRESSIVE;
				CLANG_CXX_LANGUAGE_STANDARD = "gnu++14";
				CLANG_CXX_LIBRARY = "libc++";
				CLANG_ENABLE_MODULES = YES;
				CLANG_ENABLE_OBJC_ARC = YES;
				CLANG_WARN_BLOCK_CAPTURE_AUTORELEASING = YES;
				CLANG_WARN_BOOL_CONVERSION = YES;
				CLANG_WARN_COMMA = YES;
				CLANG_WARN_CONSTANT_CONVERSION = YES;
				CLANG_WARN_DIRECT_OBJC_ISA_USAGE = YES_ERROR;
				CLANG_WARN_DOCUMENTATION_COMMENTS = NO;
				CLANG_WARN_EMPTY_BODY = YES;
				CLANG_WARN_ENUM_CONVERSION = YES;
				CLANG_WARN_INFINITE_RECURSION = YES;
				CLANG_WARN_INT_CONVERSION = YES;
				CLANG_WARN_NON_LITERAL_NULL_CONVERSION = YES;
				CLANG_WARN_OBJC_LITERAL_CONVERSION = YES;
				CLANG_WARN_OBJC_ROOT_CLASS = YES_ERROR;
				CLANG_WARN_RANGE_LOOP_ANALYSIS = YES;
				CLANG_WARN_STRICT_PROTOTYPES = YES;
				CLANG_WARN_SUSPICIOUS_MOVE = YES;
				CLANG_WARN_UNGUARDED_AVAILABILITY = YES_AGGRESSIVE;
				CLANG_WARN_UNREACHABLE_CODE = YES;
				CLANG_WARN__DUPLICATE_METHOD_MATCH = YES;
				CODE_SIGN_IDENTITY = "-";
				COPY_PHASE_STRIP = NO;
				DEBUG_INFORMATION_FORMAT = dwarf;
				ENABLE_STRICT_OBJC_MSGSEND = YES;
				ENABLE_TESTABILITY = YES;
				GCC_C_LANGUAGE_STANDARD = gnu11;
				GCC_DYNAMIC_NO_PIC = NO;
				GCC_NO_COMMON_BLOCKS = YES;
				GCC_OPTIMIZATION_LEVEL = 0;
				GCC_PREPROCESSOR_DEFINITIONS = (
					"DEBUG=1",
					"$(inherited)",
				);
				GCC_WARN_64_TO_32_BIT_CONVERSION = YES;
				GCC_WARN_ABOUT_RETURN_TYPE = YES_ERROR;
				GCC_WARN_UNDECLARED_SELECTOR = YES;
				GCC_WARN_UNINITIALIZED_AUTOS = YES_AGGRESSIVE;
				GCC_WARN_UNUSED_FUNCTION = YES;
				GCC_WARN_UNUSED_VARIABLE = YES;
				MACOSX_DEPLOYMENT_TARGET = 10.13;
				MTL_ENABLE_DEBUG_INFO = YES;
				ONLY_ACTIVE_ARCH = YES;
				SDKROOT = macosx;
			};
			name = Debug;
		};
		0C781B5520300BB90000131F /* Release */ = {
			isa = XCBuildConfiguration;
			buildSettings = {
				ALWAYS_SEARCH_USER_PATHS = NO;
				CLANG_ANALYZER_NONNULL = YES;
				CLANG_ANALYZER_NUMBER_OBJECT_CONVERSION = YES_AGGRESSIVE;
				CLANG_CXX_LANGUAGE_STANDARD = "gnu++14";
				CLANG_CXX_LIBRARY = "libc++";
				CLANG_ENABLE_MODULES = YES;
				CLANG_ENABLE_OBJC_ARC = YES;
				CLANG_WARN_BLOCK_CAPTURE_AUTORELEASING = YES;
				CLANG_WARN_BOOL_CONVERSION = YES;
				CLANG_WARN_COMMA = YES;
				CLANG_WARN_CONSTANT_CONVERSION = YES;
				CLANG_WARN_DIRECT_OBJC_ISA_USAGE = YES_ERROR;
				CLANG_WARN_DOCUMENTATION_COMMENTS = NO;
				CLANG_WARN_EMPTY_BODY = YES;
				CLANG_WARN_ENUM_CONVERSION = YES;
				CLANG_WARN_INFINITE_RECURSION = YES;
				CLANG_WARN_INT_CONVERSION = YES;
				CLANG_WARN_NON_LITERAL_NULL_CONVERSION = YES;
				CLANG_WARN_OBJC_LITERAL_CONVERSION = YES;
				CLANG_WARN_OBJC_ROOT_CLASS = YES_ERROR;
				CLANG_WARN_RANGE_LOOP_ANALYSIS = YES;
				CLANG_WARN_STRICT_PROTOTYPES = YES;
				CLANG_WARN_SUSPICIOUS_MOVE = YES;
				CLANG_WARN_UNGUARDED_AVAILABILITY = YES_AGGRESSIVE;
				CLANG_WARN_UNREACHABLE_CODE = YES;
				CLANG_WARN__DUPLICATE_METHOD_MATCH = YES;
				CODE_SIGN_IDENTITY = "-";
				COPY_PHASE_STRIP = NO;
				DEBUG_INFORMATION_FORMAT = "dwarf-with-dsym";
				ENABLE_NS_ASSERTIONS = NO;
				ENABLE_STRICT_OBJC_MSGSEND = YES;
				GCC_C_LANGUAGE_STANDARD = gnu11;
				GCC_NO_COMMON_BLOCKS = YES;
				GCC_WARN_64_TO_32_BIT_CONVERSION = YES;
				GCC_WARN_ABOUT_RETURN_TYPE = YES_ERROR;
				GCC_WARN_UNDECLARED_SELECTOR = YES;
				GCC_WARN_UNINITIALIZED_AUTOS = YES_AGGRESSIVE;
				GCC_WARN_UNUSED_FUNCTION = YES;
				GCC_WARN_UNUSED_VARIABLE = YES;
				MACOSX_DEPLOYMENT_TARGET = 10.13;
				MTL_ENABLE_DEBUG_INFO = NO;
				SDKROOT = macosx;
			};
			name = Release;
		};
		0C781B5720300BB90000131F /* Debug */ = {
			isa = XCBuildConfiguration;
			buildSettings = {
				CODE_SIGN_STYLE = Automatic;
				FRAMEWORK_SEARCH_PATHS = (
					"$(inherited)",
					"$(LOCAL_LIBRARY_DIR)/Frameworks",
				);
				"FRAMEWORK_SEARCH_PATHS[arch=*]" = "";
				"HEADER_SEARCH_PATHS[arch=*]" = "../${PRODUCT_NAME}-dependencies/include";
				LIBRARY_SEARCH_PATHS = (
					"$(inherited)",
					"$(PROJECT_DIR)-dependencies/lib",
				);
				"LIBRARY_SEARCH_PATHS[arch=*]" = "../opengl-tutorial-tbb-dependencies/lib";
				PRODUCT_NAME = "$(TARGET_NAME)";
				VALID_ARCHS = x86_64;
				"WARNING_CFLAGS[arch=*]" = "-Wdocumentation";
			};
			name = Debug;
		};
		0C781B5820300BB90000131F /* Release */ = {
			isa = XCBuildConfiguration;
			buildSettings = {
				CODE_SIGN_STYLE = Automatic;
				FRAMEWORK_SEARCH_PATHS = (
					"$(inherited)",
					"$(LOCAL_LIBRARY_DIR)/Frameworks",
				);
				"HEADER_SEARCH_PATHS[arch=*]" = "../${PRODUCT_NAME}-dependencies/include";
				LIBRARY_SEARCH_PATHS = (
					"$(inherited)",
					"$(PROJECT_DIR)-dependencies/lib",
				);
				"LIBRARY_SEARCH_PATHS[arch=*]" = "../opengl-tutorial-tbb-dependencies/lib";
				PRODUCT_NAME = "$(TARGET_NAME)";
				VALID_ARCHS = x86_64;
				"WARNING_CFLAGS[arch=*]" = "-Wdocumentation";
			};
			name = Release;
		};
/* End XCBuildConfiguration section */

/* Begin XCConfigurationList section */
		0C781B4A20300BB90000131F /* Build configuration list for PBXProject "opengl-tutorial-tbb" */ = {
			isa = XCConfigurationList;
			buildConfigurations = (
				0C781B5420300BB90000131F /* Debug */,
				0C781B5520300BB90000131F /* Release */,
			);
			defaultConfigurationIsVisible = 0;
			defaultConfigurationName = Release;
		};
		0C781B5620300BB90000131F /* Build configuration list for PBXNativeTarget "opengl-tutorial-tbb" */ = {
			isa = XCConfigurationList;
			buildConfigurations = (
				0C781B5720300BB90000131F /* Debug */,
				0C781B5820300BB90000131F /* Release */,
			);
			defaultConfigurationIsVisible = 0;
			defaultConfigurationName = Release;
		};
/* End XCConfigurationList section */
	};
	rootObject = 0C781B4720300BB90000131F /* Project object */;
}
